
Microsoft Visual Studio Solution File, Format Version 12.00
# Visual Studio Version 17
VisualStudioVersion = 17.4.33403.182
MinimumVisualStudioVersion = 10.0.40219.1
Project("{FAE04EC0-301F-11D3-BF4B-00C04F79EFBC}") = "20230530_HesapMakinesi", "20230530_HesapMakinesi\20230530_HesapMakinesi.csproj", "{8FF9951D-3010-48F9-BBED-5D7E5AD5C375}"
EndProject
Global
	GlobalSection(SolutionConfigurationPlatforms) = preSolution
		Debug|Any CPU = Debug|Any CPU
		Release|Any CPU = Release|Any CPU
	EndGlobalSection
	GlobalSection(ProjectConfigurationPlatforms) = postSolution
		{8FF9951D-3010-48F9-BBED-5D7E5AD5C375}.Debug|Any CPU.ActiveCfg = Debug|Any CPU
		{8FF9951D-3010-48F9-BBED-5D7E5AD5C375}.Debug|Any CPU.Build.0 = Debug|Any CPU
		{8FF9951D-3010-48F9-BBED-5D7E5AD5C375}.Release|Any CPU.ActiveCfg = Release|Any CPU
		{8FF9951D-3010-48F9-BBED-5D7E5AD5C375}.Release|Any CPU.Build.0 = Release|Any CPU
	EndGlobalSection
	GlobalSection(SolutionProperties) = preSolution
		HideSolutionNode = FALSE
	EndGlobalSection
	GlobalSection(ExtensibilityGlobals) = postSolution
		SolutionGuid = {87539BDA-B24F-4355-A8E7-6FB1BB4B1D9B}
	EndGlobalSection
EndGlobal
